
Microsoft Visual Studio Solution File, Format Version 12.00
# Visual Studio Version 16
VisualStudioVersion = 16.0.31729.503
MinimumVisualStudioVersion = 10.0.40219.1
Project("{9A19103F-16F7-4668-BE54-9A1E7A4F7556}") = "DontSleep", "DontSleep.csproj", "{D668F669-5113-4885-BFCE-71B477796D47}"
EndProject
Global
	GlobalSection(SolutionConfigurationPlatforms) = preSolution
		Debug|Any CPU = Debug|Any CPU
		Release|Any CPU = Release|Any CPU
	EndGlobalSection
	GlobalSection(ProjectConfigurationPlatforms) = postSolution
		{D668F669-5113-4885-BFCE-71B477796D47}.Debug|Any CPU.ActiveCfg = Debug|Any CPU
		{D668F669-5113-4885-BFCE-71B477796D47}.Debug|Any CPU.Build.0 = Debug|Any CPU
		{D668F669-5113-4885-BFCE-71B477796D47}.Release|Any CPU.ActiveCfg = Release|Any CPU
		{D668F669-5113-4885-BFCE-71B477796D47}.Release|Any CPU.Build.0 = Release|Any CPU
	EndGlobalSection
	GlobalSection(SolutionProperties) = preSolution
		HideSolutionNode = FALSE
	EndGlobalSection
	GlobalSection(ExtensibilityGlobals) = postSolution
		SolutionGuid = {3F5354F3-BA77-49DF-8344-386F2637E1FA}
	EndGlobalSection
EndGlobal
